
Microsoft Visual Studio Solution File, Format Version 12.00
# Visual Studio Version 17
VisualStudioVersion = 17.14.36414.22
MinimumVisualStudioVersion = 10.0.40219.1
Project("{FAE04EC0-301F-11D3-BF4B-00C04F79EFBC}") = "B-Tree", "B-Tree\B-Tree.csproj", "{548F0B57-2455-4103-BACA-F103E8C4A3D2}"
EndProject
Project("{FAE04EC0-301F-11D3-BF4B-00C04F79EFBC}") = "B-Tree.Tests", "B-Tree.Tests\B-Tree.Tests.csproj", "{4A5F1F2B-CAF6-4A82-B87E-66B7E0BD0D98}"
EndProject
Global
	GlobalSection(SolutionConfigurationPlatforms) = preSolution
		Debug|Any CPU = Debug|Any CPU
		Release|Any CPU = Release|Any CPU
	EndGlobalSection
	GlobalSection(ProjectConfigurationPlatforms) = postSolution
		{548F0B57-2455-4103-BACA-F103E8C4A3D2}.Debug|Any CPU.ActiveCfg = Debug|Any CPU
		{548F0B57-2455-4103-BACA-F103E8C4A3D2}.Debug|Any CPU.Build.0 = Debug|Any CPU
		{548F0B57-2455-4103-BACA-F103E8C4A3D2}.Release|Any CPU.ActiveCfg = Release|Any CPU
		{548F0B57-2455-4103-BACA-F103E8C4A3D2}.Release|Any CPU.Build.0 = Release|Any CPU
		{4A5F1F2B-CAF6-4A82-B87E-66B7E0BD0D98}.Debug|Any CPU.ActiveCfg = Debug|Any CPU
		{4A5F1F2B-CAF6-4A82-B87E-66B7E0BD0D98}.Debug|Any CPU.Build.0 = Debug|Any CPU
		{4A5F1F2B-CAF6-4A82-B87E-66B7E0BD0D98}.Release|Any CPU.ActiveCfg = Release|Any CPU
		{4A5F1F2B-CAF6-4A82-B87E-66B7E0BD0D98}.Release|Any CPU.Build.0 = Release|Any CPU
	EndGlobalSection
	GlobalSection(SolutionProperties) = preSolution
		HideSolutionNode = FALSE
	EndGlobalSection
	GlobalSection(ExtensibilityGlobals) = postSolution
		SolutionGuid = {5F9A3F36-AFDA-4563-A1D9-D0F22981F037}
	EndGlobalSection
EndGlobal
